{
  "nodes": {
    "dim-app": {
      "locked": {
        "lastModified": 1790867097,
        "narHash": "sha256-pD+DUEiDzx7UQroP1Q7yg1XtnB/+M+Le+c+ibgUTZMs=",
        "owner": "jeff-hykin",
        "repo": "dim-app",
        "rev": "bdee113195d5d4d417213423d2194c25868eaa11",
        "type": "github"
      },
      "original": {
        "owner": "jeff-hykin",
        "ref": "v0.4.0",
        "repo": "dim-app",
        "type": "github"
      }
    },
    "nixpkgs": {
      "locked": {
        "lastModified": 1767313136,
        "narHash": "sha256-16KkgfdYqjaeRGBaYsNrhPRRENs0qzkQVUooNHtoy2w=",
        "owner": "NixOS",
        "repo": "nixpkgs",
        "rev": "ac62194c3917d5f474c1a844b6fd6da2db95077d",
        "type": "github"
      },
      "original": {
        "owner": "NixOS",
        "ref": "nixos-25.05",
        "repo": "nixpkgs",
        "type": "github"
      }
    },
    "root": {
      "inputs": {
        "dim-app": "dim-app",
        "nixpkgs": "nixpkgs"
      }
    }
  },
  "root": "root",
  "version": 7
}
