{
  "nodes": {
    "dim-app": {
      "locked": {
        "lastModified": 1790903678,
        "narHash": "sha256-omIHdp0HGhyK/GKZs1ATnW+00BNeWi/oV/62T8Wa7jw=",
        "owner": "jeff-hykin",
        "repo": "dim-app",
        "rev": "6add7a7e58592c1295007d26803afad815bcbcca",
        "type": "github"
      },
      "original": {
        "owner": "jeff-hykin",
        "ref": "v0.5.0",
        "repo": "dim-app",
        "type": "github"
      }
    },
    "nixpkgs": {
      "locked": {
        "lastModified": 1767313136,
        "narHash": "sha256-16KkgfdYqjaeRGBaYsNrhPRRENs0qzkQVUooNHtoy2w=",
        "owner": "NixOS",
        "repo": "nixpkgs",
        "rev": "ac62194c3917d5f474c1a844b6fd6da2db95077d",
        "type": "github"
      },
      "original": {
        "owner": "NixOS",
        "ref": "nixos-25.05",
        "repo": "nixpkgs",
        "type": "github"
      }
    },
    "root": {
      "inputs": {
        "dim-app": "dim-app",
        "nixpkgs": "nixpkgs"
      }
    }
  },
  "root": "root",
  "version": 7
}
